// !$*UTF8*$!
{
	archiveVersion = 1;
	classes = {
	};
	objectVersion = 46;
	objects = {

/* Begin PBXBuildFile section */
		B51A86DA1833F0DC0008F7E4 /* TKDAboutViewController.m in Sources */ = {isa = PBXBuildFile; fileRef = B51A86D81833F0DC0008F7E4 /* TKDAboutViewController.m */; };
		B51A86E31833F3130008F7E4 /* TKDResetPasswordViewController.m in Sources */ = {isa = PBXBuildFile; fileRef = B51A86E11833F3130008F7E4 /* TKDResetPasswordViewController.m */; };
		B51A86E41833F3130008F7E4 /* TKDResetPasswordViewController.xib in Resources */ = {isa = PBXBuildFile; fileRef = B51A86E21833F3130008F7E4 /* TKDResetPasswordViewController.xib */; };
		B51A86E71833F3490008F7E4 /* TKDMainViewController.m in Sources */ = {isa = PBXBuildFile; fileRef = B51A86E61833F3490008F7E4 /* TKDMainViewController.m */; };
		B51A86EB1833F36B0008F7E4 /* TKDMainDetailViewController.m in Sources */ = {isa = PBXBuildFile; fileRef = B51A86E91833F36B0008F7E4 /* TKDMainDetailViewController.m */; };
		B51A86EC1833F36B0008F7E4 /* TKDMainDetailViewController.xib in Resources */ = {isa = PBXBuildFile; fileRef = B51A86EA1833F36B0008F7E4 /* TKDMainDetailViewController.xib */; };
		B51A86EF1833F3A60008F7E4 /* TKDUser.m in Sources */ = {isa = PBXBuildFile; fileRef = B51A86EE1833F3A60008F7E4 /* TKDUser.m */; };
		B51A86F31833F4D40008F7E4 /* xieyi.html in Resources */ = {isa = PBXBuildFile; fileRef = B51A86F11833F4D40008F7E4 /* xieyi.html */; };
		B51A86F61833F6260008F7E4 /* TKDAgreementViewController.m in Sources */ = {isa = PBXBuildFile; fileRef = B51A86F51833F6260008F7E4 /* TKDAgreementViewController.m */; };
		B51A86F81833FB800008F7E4 /* about.html in Resources */ = {isa = PBXBuildFile; fileRef = B51A86F71833FB800008F7E4 /* about.html */; };
		B51A86FC1833FF230008F7E4 /* CHKeychain.m in Sources */ = {isa = PBXBuildFile; fileRef = B51A86FB1833FF230008F7E4 /* CHKeychain.m */; settings = {COMPILER_FLAGS = "-fno-objc-arc"; }; };
		B51A86FF1834019C0008F7E4 /* check@2x.png in Resources */ = {isa = PBXBuildFile; fileRef = B51A86FD1834019C0008F7E4 /* check@2x.png */; };
		B51A87001834019C0008F7E4 /* uncheck@2x.png in Resources */ = {isa = PBXBuildFile; fileRef = B51A86FE1834019C0008F7E4 /* uncheck@2x.png */; };
		B535775918C23A16008B28A9 /* TKDExpressListViewController.m in Sources */ = {isa = PBXBuildFile; fileRef = B535775818C23A16008B28A9 /* TKDExpressListViewController.m */; };
		B535775C18C2403E008B28A9 /* TKDExpressSiteViewController.m in Sources */ = {isa = PBXBuildFile; fileRef = B535775B18C2403E008B28A9 /* TKDExpressSiteViewController.m */; };
		B535777618C25702008B28A9 /* 中通快递@2x.png in Resources */ = {isa = PBXBuildFile; fileRef = B535776E18C25702008B28A9 /* 中通快递@2x.png */; };
		B535777718C25702008B28A9 /* 圆通快递@2x.png in Resources */ = {isa = PBXBuildFile; fileRef = B535776F18C25702008B28A9 /* 圆通快递@2x.png */; };
		B535777818C25702008B28A9 /* 申通快递@2x.png in Resources */ = {isa = PBXBuildFile; fileRef = B535777018C25702008B28A9 /* 申通快递@2x.png */; };
		B535777918C25702008B28A9 /* EMS@2x.png in Resources */ = {isa = PBXBuildFile; fileRef = B535777118C25702008B28A9 /* EMS@2x.png */; };
		B535777A18C25702008B28A9 /* 顺丰快递@2x.png in Resources */ = {isa = PBXBuildFile; fileRef = B535777218C25702008B28A9 /* 顺丰快递@2x.png */; };
		B535777C18C25702008B28A9 /* 韵达快递@2x.png in Resources */ = {isa = PBXBuildFile; fileRef = B535777418C25702008B28A9 /* 韵达快递@2x.png */; };
		B535777D18C25702008B28A9 /* 宅急送@2x.png in Resources */ = {isa = PBXBuildFile; fileRef = B535777518C25702008B28A9 /* 宅急送@2x.png */; };
		B535777F18C25C1D008B28A9 /* 天天快递@2x.png in Resources */ = {isa = PBXBuildFile; fileRef = B535777E18C25C1D008B28A9 /* 天天快递@2x.png */; };
		B53BF34A18BE496400B25AC5 /* msg@2x.png in Resources */ = {isa = PBXBuildFile; fileRef = B53BF34718BE496400B25AC5 /* msg@2x.png */; };
		B53BF34B18BE496400B25AC5 /* send@2x.png in Resources */ = {isa = PBXBuildFile; fileRef = B53BF34818BE496400B25AC5 /* send@2x.png */; };
		B53BF34C18BE496400B25AC5 /* take@2x.png in Resources */ = {isa = PBXBuildFile; fileRef = B53BF34918BE496400B25AC5 /* take@2x.png */; };
		B54B66BA1858E32D000684F0 /* libPushSDK.a in Frameworks */ = {isa = PBXBuildFile; fileRef = B54B66B91858E32D000684F0 /* libPushSDK.a */; };
		B54B66BD1858E36F000684F0 /* CoreFoundation.framework in Frameworks */ = {isa = PBXBuildFile; fileRef = B54B66BC1858E36F000684F0 /* CoreFoundation.framework */; };
		B54B66BF1858E37A000684F0 /* CoreTelephony.framework in Frameworks */ = {isa = PBXBuildFile; fileRef = B54B66BE1858E37A000684F0 /* CoreTelephony.framework */; };
		B54B66C11858E3F8000684F0 /* PushConfig.plist in Resources */ = {isa = PBXBuildFile; fileRef = B54B66C01858E3F8000684F0 /* PushConfig.plist */; };
		B562B98F18CD2FFA0020534E /* login_btn@2x.png in Resources */ = {isa = PBXBuildFile; fileRef = B562B98A18CD2FFA0020534E /* login_btn@2x.png */; };
		B562B99018CD2FFA0020534E /* check.png in Resources */ = {isa = PBXBuildFile; fileRef = B562B98B18CD2FFA0020534E /* check.png */; };
		B562B99118CD2FFA0020534E /* back@2x.png in Resources */ = {isa = PBXBuildFile; fileRef = B562B98C18CD2FFA0020534E /* back@2x.png */; };
		B562B99218CD2FFA0020534E /* plus@2x.png in Resources */ = {isa = PBXBuildFile; fileRef = B562B98D18CD2FFA0020534E /* plus@2x.png */; };
		B562B99318CD2FFA0020534E /* set@2x.png in Resources */ = {isa = PBXBuildFile; fileRef = B562B98E18CD2FFA0020534E /* set@2x.png */; };
		B56FAA22182F6DE6009E974A /* Foundation.framework in Frameworks */ = {isa = PBXBuildFile; fileRef = B56FAA21182F6DE6009E974A /* Foundation.framework */; };
		B56FAA24182F6DE6009E974A /* CoreGraphics.framework in Frameworks */ = {isa = PBXBuildFile; fileRef = B56FAA23182F6DE6009E974A /* CoreGraphics.framework */; };
		B56FAA26182F6DE6009E974A /* UIKit.framework in Frameworks */ = {isa = PBXBuildFile; fileRef = B56FAA25182F6DE6009E974A /* UIKit.framework */; };
		B56FAA2C182F6DE6009E974A /* InfoPlist.strings in Resources */ = {isa = PBXBuildFile; fileRef = B56FAA2A182F6DE6009E974A /* InfoPlist.strings */; };
		B56FAA2E182F6DE6009E974A /* main.m in Sources */ = {isa = PBXBuildFile; fileRef = B56FAA2D182F6DE6009E974A /* main.m */; };
		B56FAA32182F6DE6009E974A /* TKDAppDelegate.m in Sources */ = {isa = PBXBuildFile; fileRef = B56FAA31182F6DE6009E974A /* TKDAppDelegate.m */; };
		B56FAA53182F78F7009E974A /* TKDLoginViewController.m in Sources */ = {isa = PBXBuildFile; fileRef = B56FAA51182F78F7009E974A /* TKDLoginViewController.m */; };
		B56FAA54182F78F7009E974A /* TKDLoginViewController.xib in Resources */ = {isa = PBXBuildFile; fileRef = B56FAA52182F78F7009E974A /* TKDLoginViewController.xib */; };
		B56FAA58182F792A009E974A /* TKDActivateViewController.m in Sources */ = {isa = PBXBuildFile; fileRef = B56FAA56182F792A009E974A /* TKDActivateViewController.m */; };
		B56FAA59182F792A009E974A /* TKDActivateViewController.xib in Resources */ = {isa = PBXBuildFile; fileRef = B56FAA57182F792A009E974A /* TKDActivateViewController.xib */; };
		B56FAA73182F8302009E974A /* ASIAuthenticationDialog.m in Sources */ = {isa = PBXBuildFile; fileRef = B56FAA60182F8302009E974A /* ASIAuthenticationDialog.m */; settings = {COMPILER_FLAGS = "-fno-objc-arc"; }; };
		B56FAA74182F8302009E974A /* ASIDataCompressor.m in Sources */ = {isa = PBXBuildFile; fileRef = B56FAA63182F8302009E974A /* ASIDataCompressor.m */; settings = {COMPILER_FLAGS = "-fno-objc-arc"; }; };
		B56FAA75182F8302009E974A /* ASIDataDecompressor.m in Sources */ = {isa = PBXBuildFile; fileRef = B56FAA65182F8302009E974A /* ASIDataDecompressor.m */; settings = {COMPILER_FLAGS = "-fno-objc-arc"; }; };
		B56FAA76182F8302009E974A /* ASIDownloadCache.m in Sources */ = {isa = PBXBuildFile; fileRef = B56FAA67182F8302009E974A /* ASIDownloadCache.m */; settings = {COMPILER_FLAGS = "-fno-objc-arc"; }; };
		B56FAA77182F8302009E974A /* ASIFormDataRequest.m in Sources */ = {isa = PBXBuildFile; fileRef = B56FAA69182F8302009E974A /* ASIFormDataRequest.m */; settings = {COMPILER_FLAGS = "-O0 -fno-objc-arc"; }; };
		B56FAA78182F8302009E974A /* ASIHTTPRequest.m in Sources */ = {isa = PBXBuildFile; fileRef = B56FAA6B182F8302009E974A /* ASIHTTPRequest.m */; settings = {COMPILER_FLAGS = "-O0 -fno-objc-arc"; }; };
		B56FAA79182F8302009E974A /* ASIInputStream.m in Sources */ = {isa = PBXBuildFile; fileRef = B56FAA6F182F8302009E974A /* ASIInputStream.m */; settings = {COMPILER_FLAGS = "-fno-objc-arc"; }; };
		B56FAA7A182F8302009E974A /* ASINetworkQueue.m in Sources */ = {isa = PBXBuildFile; fileRef = B56FAA71182F8302009E974A /* ASINetworkQueue.m */; settings = {COMPILER_FLAGS = "-fno-objc-arc"; }; };
		B56FAA7C182F874A009E974A /* SystemConfiguration.framework in Frameworks */ = {isa = PBXBuildFile; fileRef = B56FAA7B182F874A009E974A /* SystemConfiguration.framework */; };
		B56FAA7E182F89B2009E974A /* CFNetwork.framework in Frameworks */ = {isa = PBXBuildFile; fileRef = B56FAA7D182F89B2009E974A /* CFNetwork.framework */; };
		B56FAA80182F89BC009E974A /* QuartzCore.framework in Frameworks */ = {isa = PBXBuildFile; fileRef = B56FAA7F182F89BC009E974A /* QuartzCore.framework */; };
		B56FAA82182F89C8009E974A /* MobileCoreServices.framework in Frameworks */ = {isa = PBXBuildFile; fileRef = B56FAA81182F89C8009E974A /* MobileCoreServices.framework */; };
		B56FAA84182F89DC009E974A /* Security.framework in Frameworks */ = {isa = PBXBuildFile; fileRef = B56FAA83182F89DC009E974A /* Security.framework */; };
		B56FAA86182F89F2009E974A /* CoreLocation.framework in Frameworks */ = {isa = PBXBuildFile; fileRef = B56FAA85182F89F2009E974A /* CoreLocation.framework */; };
		B56FAA8A182F8AAA009E974A /* libxml2.dylib in Frameworks */ = {isa = PBXBuildFile; fileRef = B56FAA89182F8AAA009E974A /* libxml2.dylib */; };
		B56FAA8C182F8AC6009E974A /* libsqlite3.dylib in Frameworks */ = {isa = PBXBuildFile; fileRef = B56FAA8B182F8AC6009E974A /* libsqlite3.dylib */; };
		B56FAA8E182F8ACF009E974A /* libz.dylib in Frameworks */ = {isa = PBXBuildFile; fileRef = B56FAA8D182F8ACF009E974A /* libz.dylib */; };
		B56FAA92182F9826009E974A /* TKDKit.m in Sources */ = {isa = PBXBuildFile; fileRef = B56FAA91182F9826009E974A /* TKDKit.m */; };
		B56FAA95182F9C10009E974A /* contact_input_bg@2x.png in Resources */ = {isa = PBXBuildFile; fileRef = B56FAA94182F9C10009E974A /* contact_input_bg@2x.png */; };
		B56FAA99182FA351009E974A /* TKDSetViewController.m in Sources */ = {isa = PBXBuildFile; fileRef = B56FAA97182FA351009E974A /* TKDSetViewController.m */; };
		B56FAA9A182FA351009E974A /* TKDSetViewController.xib in Resources */ = {isa = PBXBuildFile; fileRef = B56FAA98182FA351009E974A /* TKDSetViewController.xib */; };
		B56FAA9C182FA4AF009E974A /* erweima@2x.png in Resources */ = {isa = PBXBuildFile; fileRef = B56FAA9B182FA4AF009E974A /* erweima@2x.png */; };
		B56FAAA4183117C8009E974A /* NSString+JSONCategories.m in Sources */ = {isa = PBXBuildFile; fileRef = B56FAAA0183117C8009E974A /* NSString+JSONCategories.m */; };
		B56FAAA5183117C8009E974A /* NSObject+JSONCategories.m in Sources */ = {isa = PBXBuildFile; fileRef = B56FAAA2183117C8009E974A /* NSObject+JSONCategories.m */; };
		B56FAAA9183121E1009E974A /* TKDRegisterViewController.m in Sources */ = {isa = PBXBuildFile; fileRef = B56FAAA7183121E1009E974A /* TKDRegisterViewController.m */; };
		B56FAAAA183121E1009E974A /* TKDRegisterViewController.xib in Resources */ = {isa = PBXBuildFile; fileRef = B56FAAA8183121E1009E974A /* TKDRegisterViewController.xib */; };
		B5A0031D18340F1A005778AB /* Default-568h@2x-1.png in Resources */ = {isa = PBXBuildFile; fileRef = B5A0031818340F1A005778AB /* Default-568h@2x-1.png */; };
		B5A0031E18340F1A005778AB /* Default@2x-1.png in Resources */ = {isa = PBXBuildFile; fileRef = B5A0031918340F1A005778AB /* Default@2x-1.png */; };
		B5A0031F18340F1A005778AB /* Default@2x.png in Resources */ = {isa = PBXBuildFile; fileRef = B5A0031A18340F1A005778AB /* Default@2x.png */; };
		B5A0032018340F1A005778AB /* Default-568h@2x.png in Resources */ = {isa = PBXBuildFile; fileRef = B5A0031B18340F1A005778AB /* Default-568h@2x.png */; };
		B5A0032118340F1A005778AB /* Default.png in Resources */ = {isa = PBXBuildFile; fileRef = B5A0031C18340F1A005778AB /* Default.png */; };
		B5A00333183411DB005778AB /* Icon-40.png in Resources */ = {isa = PBXBuildFile; fileRef = B5A00323183411DB005778AB /* Icon-40.png */; };
		B5A00334183411DB005778AB /* Icon-40@2x.png in Resources */ = {isa = PBXBuildFile; fileRef = B5A00324183411DB005778AB /* Icon-40@2x.png */; };
		B5A00335183411DB005778AB /* Icon-60.png in Resources */ = {isa = PBXBuildFile; fileRef = B5A00325183411DB005778AB /* Icon-60.png */; };
		B5A00336183411DB005778AB /* Icon-60@2x.png in Resources */ = {isa = PBXBuildFile; fileRef = B5A00326183411DB005778AB /* Icon-60@2x.png */; };
		B5A00337183411DB005778AB /* Icon-72.png in Resources */ = {isa = PBXBuildFile; fileRef = B5A00327183411DB005778AB /* Icon-72.png */; };
		B5A00338183411DB005778AB /* Icon-72@2x.png in Resources */ = {isa = PBXBuildFile; fileRef = B5A00328183411DB005778AB /* Icon-72@2x.png */; };
		B5A00339183411DB005778AB /* Icon-76.png in Resources */ = {isa = PBXBuildFile; fileRef = B5A00329183411DB005778AB /* Icon-76.png */; };
		B5A0033A183411DB005778AB /* Icon-76@2x.png in Resources */ = {isa = PBXBuildFile; fileRef = B5A0032A183411DB005778AB /* Icon-76@2x.png */; };
		B5A0033B183411DB005778AB /* Icon-Small-50.png in Resources */ = {isa = PBXBuildFile; fileRef = B5A0032B183411DB005778AB /* Icon-Small-50.png */; };
		B5A0033C183411DB005778AB /* Icon-Small-50@2x.png in Resources */ = {isa = PBXBuildFile; fileRef = B5A0032C183411DB005778AB /* Icon-Small-50@2x.png */; };
		B5A0033D183411DB005778AB /* Icon-Small.png in Resources */ = {isa = PBXBuildFile; fileRef = B5A0032D183411DB005778AB /* Icon-Small.png */; };
		B5A0033E183411DB005778AB /* Icon-Small@2x.png in Resources */ = {isa = PBXBuildFile; fileRef = B5A0032E183411DB005778AB /* Icon-Small@2x.png */; };
		B5A0033F183411DB005778AB /* Icon.png in Resources */ = {isa = PBXBuildFile; fileRef = B5A0032F183411DB005778AB /* Icon.png */; };
		B5A00340183411DB005778AB /* Icon@2x.png in Resources */ = {isa = PBXBuildFile; fileRef = B5A00330183411DB005778AB /* Icon@2x.png */; };
		B5A00341183411DB005778AB /* iTunesArtwork.png in Resources */ = {isa = PBXBuildFile; fileRef = B5A00331183411DB005778AB /* iTunesArtwork.png */; };
		B5A00342183411DB005778AB /* iTunesArtwork@2x.png in Resources */ = {isa = PBXBuildFile; fileRef = B5A00332183411DB005778AB /* iTunesArtwork@2x.png */; };
		B5A0034418341A3D005778AB /* btn@2x.png in Resources */ = {isa = PBXBuildFile; fileRef = B5A0034318341A3D005778AB /* btn@2x.png */; };
		B5B3117B18C77462005A4569 /* TKDExpressSiteContactViewController.m in Sources */ = {isa = PBXBuildFile; fileRef = B5B3117918C77462005A4569 /* TKDExpressSiteContactViewController.m */; };
		B5B3117C18C77462005A4569 /* TKDExpressSiteContactViewController.xib in Resources */ = {isa = PBXBuildFile; fileRef = B5B3117A18C77462005A4569 /* TKDExpressSiteContactViewController.xib */; };
		B5BDC86F1848A37B001963D7 /* libMobClickLibrary.a in Frameworks */ = {isa = PBXBuildFile; fileRef = B5BDC86E1848A37B001963D7 /* libMobClickLibrary.a */; };
		B5BE5FCF1841EA4F004248C8 /* InfoPlist.strings in Resources */ = {isa = PBXBuildFile; fileRef = B5BE5FCE1841EA4F004248C8 /* InfoPlist.strings */; };
		B5C6DE0218C1D54F001A5A64 /* TKDSendDetailViewController.m in Sources */ = {isa = PBXBuildFile; fileRef = B5C6DE0118C1D54F001A5A64 /* TKDSendDetailViewController.m */; };
		B5C74F651831497800E33386 /* UIKeyboardView.m in Sources */ = {isa = PBXBuildFile; fileRef = B5C74F611831497800E33386 /* UIKeyboardView.m */; settings = {COMPILER_FLAGS = "-fno-objc-arc"; }; };
		B5C74F661831497800E33386 /* UIKeyboardViewController.m in Sources */ = {isa = PBXBuildFile; fileRef = B5C74F631831497800E33386 /* UIKeyboardViewController.m */; settings = {COMPILER_FLAGS = "-fno-objc-arc"; }; };
		B5C74F6E1833D34700E33386 /* TKDMsgViewController.m in Sources */ = {isa = PBXBuildFile; fileRef = B5C74F6D1833D34700E33386 /* TKDMsgViewController.m */; };
		B5C74F711833E4E700E33386 /* TKDMsgDetailViewController.m in Sources */ = {isa = PBXBuildFile; fileRef = B5C74F701833E4E700E33386 /* TKDMsgDetailViewController.m */; };
		B5CADF6A1860A0C3000D6FB3 /* button_b@2x.png in Resources */ = {isa = PBXBuildFile; fileRef = B5CADF691860A0C3000D6FB3 /* button_b@2x.png */; };
		B5CADF6C1860A112000D6FB3 /* button_y@2x.png in Resources */ = {isa = PBXBuildFile; fileRef = B5CADF6B1860A112000D6FB3 /* button_y@2x.png */; };
		B5F9B26918B91B25000D8B92 /* TKDSendExpressVc.m in Sources */ = {isa = PBXBuildFile; fileRef = B5F9B26818B91B25000D8B92 /* TKDSendExpressVc.m */; };
		B702E55E925843C989D762CE /* libPods.a in Frameworks */ = {isa = PBXBuildFile; fileRef = 822A41E2FE8A4AFDA8AEB05E /* libPods.a */; };
/* End PBXBuildFile section */

/* Begin PBXFileReference section */
		822A41E2FE8A4AFDA8AEB05E /* libPods.a */ = {isa = PBXFileReference; explicitFileType = archive.ar; includeInIndex = 0; path = libPods.a; sourceTree = BUILT_PRODUCTS_DIR; };
		B51A86D71833F0DC0008F7E4 /* TKDAboutViewController.h */ = {isa = PBXFileReference; fileEncoding = 4; lastKnownFileType = sourcecode.c.h; path = TKDAboutViewController.h; sourceTree = "<group>"; };
		B51A86D81833F0DC0008F7E4 /* TKDAboutViewController.m */ = {isa = PBXFileReference; fileEncoding = 4; lastKnownFileType = sourcecode.c.objc; path = TKDAboutViewController.m; sourceTree = "<group>"; };
		B51A86E01833F3130008F7E4 /* TKDResetPasswordViewController.h */ = {isa = PBXFileReference; fileEncoding = 4; lastKnownFileType = sourcecode.c.h; path = TKDResetPasswordViewController.h; sourceTree = "<group>"; };
		B51A86E11833F3130008F7E4 /* TKDResetPasswordViewController.m */ = {isa = PBXFileReference; fileEncoding = 4; lastKnownFileType = sourcecode.c.objc; path = TKDResetPasswordViewController.m; sourceTree = "<group>"; };
		B51A86E21833F3130008F7E4 /* TKDResetPasswordViewController.xib */ = {isa = PBXFileReference; fileEncoding = 4; lastKnownFileType = file.xib; path = TKDResetPasswordViewController.xib; sourceTree = "<group>"; };
		B51A86E51833F3490008F7E4 /* TKDMainViewController.h */ = {isa = PBXFileReference; fileEncoding = 4; lastKnownFileType = sourcecode.c.h; path = TKDMainViewController.h; sourceTree = "<group>"; };
		B51A86E61833F3490008F7E4 /* TKDMainViewController.m */ = {isa = PBXFileReference; fileEncoding = 4; lastKnownFileType = sourcecode.c.objc; path = TKDMainViewController.m; sourceTree = "<group>"; };
		B51A86E81833F36B0008F7E4 /* TKDMainDetailViewController.h */ = {isa = PBXFileReference; fileEncoding = 4; lastKnownFileType = sourcecode.c.h; path = TKDMainDetailViewController.h; sourceTree = "<group>"; };
		B51A86E91833F36B0008F7E4 /* TKDMainDetailViewController.m */ = {isa = PBXFileReference; fileEncoding = 4; lastKnownFileType = sourcecode.c.objc; path = TKDMainDetailViewController.m; sourceTree = "<group>"; };
		B51A86EA1833F36B0008F7E4 /* TKDMainDetailViewController.xib */ = {isa = PBXFileReference; fileEncoding = 4; lastKnownFileType = file.xib; path = TKDMainDetailViewController.xib; sourceTree = "<group>"; };
		B51A86ED1833F3A60008F7E4 /* TKDUser.h */ = {isa = PBXFileReference; fileEncoding = 4; lastKnownFileType = sourcecode.c.h; path = TKDUser.h; sourceTree = "<group>"; };
		B51A86EE1833F3A60008F7E4 /* TKDUser.m */ = {isa = PBXFileReference; fileEncoding = 4; lastKnownFileType = sourcecode.c.objc; path = TKDUser.m; sourceTree = "<group>"; };
		B51A86F11833F4D40008F7E4 /* xieyi.html */ = {isa = PBXFileReference; fileEncoding = 4; lastKnownFileType = text.html; path = xieyi.html; sourceTree = "<group>"; };
		B51A86F41833F6260008F7E4 /* TKDAgreementViewController.h */ = {isa = PBXFileReference; fileEncoding = 4; lastKnownFileType = sourcecode.c.h; path = TKDAgreementViewController.h; sourceTree = "<group>"; };
		B51A86F51833F6260008F7E4 /* TKDAgreementViewController.m */ = {isa = PBXFileReference; fileEncoding = 4; lastKnownFileType = sourcecode.c.objc; path = TKDAgreementViewController.m; sourceTree = "<group>"; };
		B51A86F71833FB800008F7E4 /* about.html */ = {isa = PBXFileReference; fileEncoding = 4; lastKnownFileType = text.html; lineEnding = 0; path = about.html; sourceTree = "<group>"; };
		B51A86FA1833FF230008F7E4 /* CHKeychain.h */ = {isa = PBXFileReference; fileEncoding = 4; lastKnownFileType = sourcecode.c.h; path = CHKeychain.h; sourceTree = "<group>"; };
		B51A86FB1833FF230008F7E4 /* CHKeychain.m */ = {isa = PBXFileReference; fileEncoding = 4; lastKnownFileType = sourcecode.c.objc; path = CHKeychain.m; sourceTree = "<group>"; };
		B51A86FD1834019C0008F7E4 /* check@2x.png */ = {isa = PBXFileReference; lastKnownFileType = image.png; path = "check@2x.png"; sourceTree = "<group>"; };
		B51A86FE1834019C0008F7E4 /* uncheck@2x.png */ = {isa = PBXFileReference; lastKnownFileType = image.png; path = "uncheck@2x.png"; sourceTree = "<group>"; };
		B535775718C23A16008B28A9 /* TKDExpressListViewController.h */ = {isa = PBXFileReference; fileEncoding = 4; lastKnownFileType = sourcecode.c.h; path = TKDExpressListViewController.h; sourceTree = "<group>"; };
		B535775818C23A16008B28A9 /* TKDExpressListViewController.m */ = {isa = PBXFileReference; fileEncoding = 4; lastKnownFileType = sourcecode.c.objc; path = TKDExpressListViewController.m; sourceTree = "<group>"; };
		B535775A18C2403E008B28A9 /* TKDExpressSiteViewController.h */ = {isa = PBXFileReference; fileEncoding = 4; lastKnownFileType = sourcecode.c.h; path = TKDExpressSiteViewController.h; sourceTree = "<group>"; };
		B535775B18C2403E008B28A9 /* TKDExpressSiteViewController.m */ = {isa = PBXFileReference; fileEncoding = 4; lastKnownFileType = sourcecode.c.objc; path = TKDExpressSiteViewController.m; sourceTree = "<group>"; };
		B535776E18C25702008B28A9 /* 中通快递@2x.png */ = {isa = PBXFileReference; lastKnownFileType = image.png; path = "中通快递@2x.png"; sourceTree = "<group>"; };
		B535776F18C25702008B28A9 /* 圆通快递@2x.png */ = {isa = PBXFileReference; lastKnownFileType = image.png; path = "圆通快递@2x.png"; sourceTree = "<group>"; };
		B535777018C25702008B28A9 /* 申通快递@2x.png */ = {isa = PBXFileReference; lastKnownFileType = image.png; path = "申通快递@2x.png"; sourceTree = "<group>"; };
		B535777118C25702008B28A9 /* EMS@2x.png */ = {isa = PBXFileReference; lastKnownFileType = image.png; path = "EMS@2x.png"; sourceTree = "<group>"; };
		B535777218C25702008B28A9 /* 顺丰快递@2x.png */ = {isa = PBXFileReference; lastKnownFileType = image.png; path = "顺丰快递@2x.png"; sourceTree = "<group>"; };
		B535777418C25702008B28A9 /* 韵达快递@2x.png */ = {isa = PBXFileReference; lastKnownFileType = image.png; path = "韵达快递@2x.png"; sourceTree = "<group>"; };
		B535777518C25702008B28A9 /* 宅急送@2x.png */ = {isa = PBXFileReference; lastKnownFileType = image.png; path = "宅急送@2x.png"; sourceTree = "<group>"; };
		B535777E18C25C1D008B28A9 /* 天天快递@2x.png */ = {isa = PBXFileReference; lastKnownFileType = image.png; path = "天天快递@2x.png"; sourceTree = "<group>"; };
		B53BF34718BE496400B25AC5 /* msg@2x.png */ = {isa = PBXFileReference; lastKnownFileType = image.png; path = "msg@2x.png"; sourceTree = "<group>"; };
		B53BF34818BE496400B25AC5 /* send@2x.png */ = {isa = PBXFileReference; lastKnownFileType = image.png; path = "send@2x.png"; sourceTree = "<group>"; };
		B53BF34918BE496400B25AC5 /* take@2x.png */ = {isa = PBXFileReference; lastKnownFileType = image.png; path = "take@2x.png"; sourceTree = "<group>"; };
		B54B66B91858E32D000684F0 /* libPushSDK.a */ = {isa = PBXFileReference; lastKnownFileType = archive.ar; path = libPushSDK.a; sourceTree = "<group>"; };
		B54B66BC1858E36F000684F0 /* CoreFoundation.framework */ = {isa = PBXFileReference; lastKnownFileType = wrapper.framework; name = CoreFoundation.framework; path = System/Library/Frameworks/CoreFoundation.framework; sourceTree = SDKROOT; };
		B54B66BE1858E37A000684F0 /* CoreTelephony.framework */ = {isa = PBXFileReference; lastKnownFileType = wrapper.framework; name = CoreTelephony.framework; path = System/Library/Frameworks/CoreTelephony.framework; sourceTree = SDKROOT; };
		B54B66C01858E3F8000684F0 /* PushConfig.plist */ = {isa = PBXFileReference; fileEncoding = 4; lastKnownFileType = text.plist.xml; path = PushConfig.plist; sourceTree = "<group>"; };
		B562B98A18CD2FFA0020534E /* login_btn@2x.png */ = {isa = PBXFileReference; lastKnownFileType = image.png; path = "login_btn@2x.png"; sourceTree = "<group>"; };
		B562B98B18CD2FFA0020534E /* check.png */ = {isa = PBXFileReference; lastKnownFileType = image.png; path = check.png; sourceTree = "<group>"; };
		B562B98C18CD2FFA0020534E /* back@2x.png */ = {isa = PBXFileReference; lastKnownFileType = image.png; path = "back@2x.png"; sourceTree = "<group>"; };
		B562B98D18CD2FFA0020534E /* plus@2x.png */ = {isa = PBXFileReference; lastKnownFileType = image.png; path = "plus@2x.png"; sourceTree = "<group>"; };
		B562B98E18CD2FFA0020534E /* set@2x.png */ = {isa = PBXFileReference; lastKnownFileType = image.png; path = "set@2x.png"; sourceTree = "<group>"; };
		B56D7DA11847B338006CD91D /* MobClick.h */ = {isa = PBXFileReference; fileEncoding = 4; lastKnownFileType = sourcecode.c.h; path = MobClick.h; sourceTree = "<group>"; };
		B56FAA1E182F6DE6009E974A /* 淘快递.app */ = {isa = PBXFileReference; explicitFileType = wrapper.application; includeInIndex = 0; path = "淘快递.app"; sourceTree = BUILT_PRODUCTS_DIR; };
		B56FAA21182F6DE6009E974A /* Foundation.framework */ = {isa = PBXFileReference; lastKnownFileType = wrapper.framework; name = Foundation.framework; path = System/Library/Frameworks/Foundation.framework; sourceTree = SDKROOT; };
		B56FAA23182F6DE6009E974A /* CoreGraphics.framework */ = {isa = PBXFileReference; lastKnownFileType = wrapper.framework; name = CoreGraphics.framework; path = System/Library/Frameworks/CoreGraphics.framework; sourceTree = SDKROOT; };
		B56FAA25182F6DE6009E974A /* UIKit.framework */ = {isa = PBXFileReference; lastKnownFileType = wrapper.framework; name = UIKit.framework; path = System/Library/Frameworks/UIKit.framework; sourceTree = SDKROOT; };
		B56FAA29182F6DE6009E974A /* TKD-Info.plist */ = {isa = PBXFileReference; lastKnownFileType = text.plist.xml; path = "TKD-Info.plist"; sourceTree = "<group>"; };
		B56FAA2B182F6DE6009E974A /* en */ = {isa = PBXFileReference; lastKnownFileType = text.plist.strings; name = en; path = en.lproj/InfoPlist.strings; sourceTree = "<group>"; };
		B56FAA2D182F6DE6009E974A /* main.m */ = {isa = PBXFileReference; lastKnownFileType = sourcecode.c.objc; path = main.m; sourceTree = "<group>"; };
		B56FAA2F182F6DE6009E974A /* TKD-Prefix.pch */ = {isa = PBXFileReference; lastKnownFileType = sourcecode.c.h; name = "TKD-Prefix.pch"; path = "TKD/TKD-Prefix.pch"; sourceTree = "<group>"; };
		B56FAA30182F6DE6009E974A /* TKDAppDelegate.h */ = {isa = PBXFileReference; lastKnownFileType = sourcecode.c.h; name = TKDAppDelegate.h; path = TKD/TKDAppDelegate.h; sourceTree = "<group>"; };
		B56FAA31182F6DE6009E974A /* TKDAppDelegate.m */ = {isa = PBXFileReference; lastKnownFileType = sourcecode.c.objc; name = TKDAppDelegate.m; path = TKD/TKDAppDelegate.m; sourceTree = "<group>"; };
		B56FAA3A182F6DE7009E974A /* XCTest.framework */ = {isa = PBXFileReference; lastKnownFileType = wrapper.framework; name = XCTest.framework; path = Library/Frameworks/XCTest.framework; sourceTree = DEVELOPER_DIR; };
		B56FAA46182F6DE7009E974A /* TKDTests.m */ = {isa = PBXFileReference; lastKnownFileType = sourcecode.c.objc; path = TKDTests.m; sourceTree = "<group>"; };
		B56FAA50182F78F7009E974A /* TKDLoginViewController.h */ = {isa = PBXFileReference; fileEncoding = 4; lastKnownFileType = sourcecode.c.h; path = TKDLoginViewController.h; sourceTree = "<group>"; };
		B56FAA51182F78F7009E974A /* TKDLoginViewController.m */ = {isa = PBXFileReference; fileEncoding = 4; lastKnownFileType = sourcecode.c.objc; path = TKDLoginViewController.m; sourceTree = "<group>"; };
		B56FAA52182F78F7009E974A /* TKDLoginViewController.xib */ = {isa = PBXFileReference; fileEncoding = 4; lastKnownFileType = file.xib; path = TKDLoginViewController.xib; sourceTree = "<group>"; };
		B56FAA55182F792A009E974A /* TKDActivateViewController.h */ = {isa = PBXFileReference; fileEncoding = 4; lastKnownFileType = sourcecode.c.h; path = TKDActivateViewController.h; sourceTree = "<group>"; };
		B56FAA56182F792A009E974A /* TKDActivateViewController.m */ = {isa = PBXFileReference; fileEncoding = 4; lastKnownFileType = sourcecode.c.objc; path = TKDActivateViewController.m; sourceTree = "<group>"; };
		B56FAA57182F792A009E974A /* TKDActivateViewController.xib */ = {isa = PBXFileReference; fileEncoding = 4; lastKnownFileType = file.xib; path = TKDActivateViewController.xib; sourceTree = "<group>"; };
		B56FAA5F182F8302009E974A /* ASIAuthenticationDialog.h */ = {isa = PBXFileReference; fileEncoding = 4; lastKnownFileType = sourcecode.c.h; path = ASIAuthenticationDialog.h; sourceTree = "<group>"; };
		B56FAA60182F8302009E974A /* ASIAuthenticationDialog.m */ = {isa = PBXFileReference; fileEncoding = 4; lastKnownFileType = sourcecode.c.objc; path = ASIAuthenticationDialog.m; sourceTree = "<group>"; };
		B56FAA61182F8302009E974A /* ASICacheDelegate.h */ = {isa = PBXFileReference; fileEncoding = 4; lastKnownFileType = sourcecode.c.h; path = ASICacheDelegate.h; sourceTree = "<group>"; };
		B56FAA62182F8302009E974A /* ASIDataCompressor.h */ = {isa = PBXFileReference; fileEncoding = 4; lastKnownFileType = sourcecode.c.h; path = ASIDataCompressor.h; sourceTree = "<group>"; };
		B56FAA63182F8302009E974A /* ASIDataCompressor.m */ = {isa = PBXFileReference; fileEncoding = 4; lastKnownFileType = sourcecode.c.objc; path = ASIDataCompressor.m; sourceTree = "<group>"; };
		B56FAA64182F8302009E974A /* ASIDataDecompressor.h */ = {isa = PBXFileReference; fileEncoding = 4; lastKnownFileType = sourcecode.c.h; path = ASIDataDecompressor.h; sourceTree = "<group>"; };
		B56FAA65182F8302009E974A /* ASIDataDecompressor.m */ = {isa = PBXFileReference; fileEncoding = 4; lastKnownFileType = sourcecode.c.objc; path = ASIDataDecompressor.m; sourceTree = "<group>"; };
		B56FAA66182F8302009E974A /* ASIDownloadCache.h */ = {isa = PBXFileReference; fileEncoding = 4; lastKnownFileType = sourcecode.c.h; path = ASIDownloadCache.h; sourceTree = "<group>"; };
		B56FAA67182F8302009E974A /* ASIDownloadCache.m */ = {isa = PBXFileReference; fileEncoding = 4; lastKnownFileType = sourcecode.c.objc; path = ASIDownloadCache.m; sourceTree = "<group>"; };
		B56FAA68182F8302009E974A /* ASIFormDataRequest.h */ = {isa = PBXFileReference; fileEncoding = 4; lastKnownFileType = sourcecode.c.h; path = ASIFormDataRequest.h; sourceTree = "<group>"; };
		B56FAA69182F8302009E974A /* ASIFormDataRequest.m */ = {isa = PBXFileReference; fileEncoding = 4; lastKnownFileType = sourcecode.c.objc; path = ASIFormDataRequest.m; sourceTree = "<group>"; };
		B56FAA6A182F8302009E974A /* ASIHTTPRequest.h */ = {isa = PBXFileReference; fileEncoding = 4; lastKnownFileType = sourcecode.c.h; path = ASIHTTPRequest.h; sourceTree = "<group>"; };
		B56FAA6B182F8302009E974A /* ASIHTTPRequest.m */ = {isa = PBXFileReference; fileEncoding = 4; lastKnownFileType = sourcecode.c.objc; path = ASIHTTPRequest.m; sourceTree = "<group>"; };
		B56FAA6C182F8302009E974A /* ASIHTTPRequestConfig.h */ = {isa = PBXFileReference; fileEncoding = 4; lastKnownFileType = sourcecode.c.h; path = ASIHTTPRequestConfig.h; sourceTree = "<group>"; };
		B56FAA6D182F8302009E974A /* ASIHTTPRequestDelegate.h */ = {isa = PBXFileReference; fileEncoding = 4; lastKnownFileType = sourcecode.c.h; path = ASIHTTPRequestDelegate.h; sourceTree = "<group>"; };
		B56FAA6E182F8302009E974A /* ASIInputStream.h */ = {isa = PBXFileReference; fileEncoding = 4; lastKnownFileType = sourcecode.c.h; path = ASIInputStream.h; sourceTree = "<group>"; };
		B56FAA6F182F8302009E974A /* ASIInputStream.m */ = {isa = PBXFileReference; fileEncoding = 4; lastKnownFileType = sourcecode.c.objc; path = ASIInputStream.m; sourceTree = "<group>"; };
		B56FAA70182F8302009E974A /* ASINetworkQueue.h */ = {isa = PBXFileReference; fileEncoding = 4; lastKnownFileType = sourcecode.c.h; path = ASINetworkQueue.h; sourceTree = "<group>"; };
		B56FAA71182F8302009E974A /* ASINetworkQueue.m */ = {isa = PBXFileReference; fileEncoding = 4; lastKnownFileType = sourcecode.c.objc; path = ASINetworkQueue.m; sourceTree = "<group>"; };
		B56FAA72182F8302009E974A /* ASIProgressDelegate.h */ = {isa = PBXFileReference; fileEncoding = 4; lastKnownFileType = sourcecode.c.h; path = ASIProgressDelegate.h; sourceTree = "<group>"; };
		B56FAA7B182F874A009E974A /* SystemConfiguration.framework */ = {isa = PBXFileReference; lastKnownFileType = wrapper.framework; name = SystemConfiguration.framework; path = Platforms/iPhoneOS.platform/Developer/SDKs/iPhoneOS6.1.sdk/System/Library/Frameworks/SystemConfiguration.framework; sourceTree = DEVELOPER_DIR; };
		B56FAA7D182F89B2009E974A /* CFNetwork.framework */ = {isa = PBXFileReference; lastKnownFileType = wrapper.framework; name = CFNetwork.framework; path = System/Library/Frameworks/CFNetwork.framework; sourceTree = SDKROOT; };
		B56FAA7F182F89BC009E974A /* QuartzCore.framework */ = {isa = PBXFileReference; lastKnownFileType = wrapper.framework; name = QuartzCore.framework; path = System/Library/Frameworks/QuartzCore.framework; sourceTree = SDKROOT; };
		B56FAA81182F89C8009E974A /* MobileCoreServices.framework */ = {isa = PBXFileReference; lastKnownFileType = wrapper.framework; name = MobileCoreServices.framework; path = System/Library/Frameworks/MobileCoreServices.framework; sourceTree = SDKROOT; };
		B56FAA83182F89DC009E974A /* Security.framework */ = {isa = PBXFileReference; lastKnownFileType = wrapper.framework; name = Security.framework; path = System/Library/Frameworks/Security.framework; sourceTree = SDKROOT; };
		B56FAA85182F89F2009E974A /* CoreLocation.framework */ = {isa = PBXFileReference; lastKnownFileType = wrapper.framework; name = CoreLocation.framework; path = System/Library/Frameworks/CoreLocation.framework; sourceTree = SDKROOT; };
		B56FAA87182F8A3B009E974A /* libxml2.2.dylib */ = {isa = PBXFileReference; lastKnownFileType = "compiled.mach-o.dylib"; name = libxml2.2.dylib; path = usr/lib/libxml2.2.dylib; sourceTree = SDKROOT; };
		B56FAA89182F8AAA009E974A /* libxml2.dylib */ = {isa = PBXFileReference; lastKnownFileType = "compiled.mach-o.dylib"; name = libxml2.dylib; path = usr/lib/libxml2.dylib; sourceTree = SDKROOT; };
		B56FAA8B182F8AC6009E974A /* libsqlite3.dylib */ = {isa = PBXFileReference; lastKnownFileType = "compiled.mach-o.dylib"; name = libsqlite3.dylib; path = usr/lib/libsqlite3.dylib; sourceTree = SDKROOT; };
		B56FAA8D182F8ACF009E974A /* libz.dylib */ = {isa = PBXFileReference; lastKnownFileType = "compiled.mach-o.dylib"; name = libz.dylib; path = usr/lib/libz.dylib; sourceTree = SDKROOT; };
		B56FAA8F182F8F8C009E974A /* TKDCommonDefine.h */ = {isa = PBXFileReference; fileEncoding = 4; lastKnownFileType = sourcecode.c.h; path = TKDCommonDefine.h; sourceTree = "<group>"; };
		B56FAA90182F9826009E974A /* TKDKit.h */ = {isa = PBXFileReference; fileEncoding = 4; lastKnownFileType = sourcecode.c.h; path = TKDKit.h; sourceTree = "<group>"; };
		B56FAA91182F9826009E974A /* TKDKit.m */ = {isa = PBXFileReference; fileEncoding = 4; lastKnownFileType = sourcecode.c.objc; path = TKDKit.m; sourceTree = "<group>"; };
		B56FAA94182F9C10009E974A /* contact_input_bg@2x.png */ = {isa = PBXFileReference; lastKnownFileType = image.png; path = "contact_input_bg@2x.png"; sourceTree = "<group>"; };
		B56FAA96182FA351009E974A /* TKDSetViewController.h */ = {isa = PBXFileReference; fileEncoding = 4; lastKnownFileType = sourcecode.c.h; path = TKDSetViewController.h; sourceTree = "<group>"; };
		B56FAA97182FA351009E974A /* TKDSetViewController.m */ = {isa = PBXFileReference; fileEncoding = 4; lastKnownFileType = sourcecode.c.objc; path = TKDSetViewController.m; sourceTree = "<group>"; };
		B56FAA98182FA351009E974A /* TKDSetViewController.xib */ = {isa = PBXFileReference; fileEncoding = 4; lastKnownFileType = file.xib; path = TKDSetViewController.xib; sourceTree = "<group>"; };
		B56FAA9B182FA4AF009E974A /* erweima@2x.png */ = {isa = PBXFileReference; lastKnownFileType = image.png; path = "erweima@2x.png"; sourceTree = "<group>"; };
		B56FAA9D18310C42009E974A /* SynthesizeSingleton.h */ = {isa = PBXFileReference; fileEncoding = 4; lastKnownFileType = sourcecode.c.h; path = SynthesizeSingleton.h; sourceTree = "<group>"; };
		B56FAAA0183117C8009E974A /* NSString+JSONCategories.m */ = {isa = PBXFileReference; fileEncoding = 4; lastKnownFileType = sourcecode.c.objc; path = "NSString+JSONCategories.m"; sourceTree = "<group>"; };
		B56FAAA1183117C8009E974A /* NSString+JSONCategories.h */ = {isa = PBXFileReference; fileEncoding = 4; lastKnownFileType = sourcecode.c.h; path = "NSString+JSONCategories.h"; sourceTree = "<group>"; };
		B56FAAA2183117C8009E974A /* NSObject+JSONCategories.m */ = {isa = PBXFileReference; fileEncoding = 4; lastKnownFileType = sourcecode.c.objc; path = "NSObject+JSONCategories.m"; sourceTree = "<group>"; };
		B56FAAA3183117C8009E974A /* NSObject+JSONCategories.h */ = {isa = PBXFileReference; fileEncoding = 4; lastKnownFileType = sourcecode.c.h; path = "NSObject+JSONCategories.h"; sourceTree = "<group>"; };
		B56FAAA6183121E1009E974A /* TKDRegisterViewController.h */ = {isa = PBXFileReference; fileEncoding = 4; lastKnownFileType = sourcecode.c.h; path = TKDRegisterViewController.h; sourceTree = "<group>"; };
		B56FAAA7183121E1009E974A /* TKDRegisterViewController.m */ = {isa = PBXFileReference; fileEncoding = 4; lastKnownFileType = sourcecode.c.objc; path = TKDRegisterViewController.m; sourceTree = "<group>"; };
		B56FAAA8183121E1009E974A /* TKDRegisterViewController.xib */ = {isa = PBXFileReference; fileEncoding = 4; lastKnownFileType = file.xib; path = TKDRegisterViewController.xib; sourceTree = "<group>"; };
		B58CD6531860344F004488FB /* APService.h */ = {isa = PBXFileReference; fileEncoding = 4; lastKnownFileType = sourcecode.c.h; path = APService.h; sourceTree = "<group>"; };
		B5A0031818340F1A005778AB /* Default-568h@2x-1.png */ = {isa = PBXFileReference; lastKnownFileType = image.png; path = "Default-568h@2x-1.png"; sourceTree = "<group>"; };
		B5A0031918340F1A005778AB /* Default@2x-1.png */ = {isa = PBXFileReference; lastKnownFileType = image.png; path = "Default@2x-1.png"; sourceTree = "<group>"; };
		B5A0031A18340F1A005778AB /* Default@2x.png */ = {isa = PBXFileReference; lastKnownFileType = image.png; path = "Default@2x.png"; sourceTree = "<group>"; };
		B5A0031B18340F1A005778AB /* Default-568h@2x.png */ = {isa = PBXFileReference; lastKnownFileType = image.png; path = "Default-568h@2x.png"; sourceTree = "<group>"; };
		B5A0031C18340F1A005778AB /* Default.png */ = {isa = PBXFileReference; lastKnownFileType = image.png; path = Default.png; sourceTree = "<group>"; };
		B5A00323183411DB005778AB /* Icon-40.png */ = {isa = PBXFileReference; lastKnownFileType = image.png; path = "Icon-40.png"; sourceTree = "<group>"; };
		B5A00324183411DB005778AB /* Icon-40@2x.png */ = {isa = PBXFileReference; lastKnownFileType = image.png; path = "Icon-40@2x.png"; sourceTree = "<group>"; };
		B5A00325183411DB005778AB /* Icon-60.png */ = {isa = PBXFileReference; lastKnownFileType = image.png; path = "Icon-60.png"; sourceTree = "<group>"; };
		B5A00326183411DB005778AB /* Icon-60@2x.png */ = {isa = PBXFileReference; lastKnownFileType = image.png; path = "Icon-60@2x.png"; sourceTree = "<group>"; };
		B5A00327183411DB005778AB /* Icon-72.png */ = {isa = PBXFileReference; lastKnownFileType = image.png; path = "Icon-72.png"; sourceTree = "<group>"; };
		B5A00328183411DB005778AB /* Icon-72@2x.png */ = {isa = PBXFileReference; lastKnownFileType = image.png; path = "Icon-72@2x.png"; sourceTree = "<group>"; };
		B5A00329183411DB005778AB /* Icon-76.png */ = {isa = PBXFileReference; lastKnownFileType = image.png; path = "Icon-76.png"; sourceTree = "<group>"; };
		B5A0032A183411DB005778AB /* Icon-76@2x.png */ = {isa = PBXFileReference; lastKnownFileType = image.png; path = "Icon-76@2x.png"; sourceTree = "<group>"; };
		B5A0032B183411DB005778AB /* Icon-Small-50.png */ = {isa = PBXFileReference; lastKnownFileType = image.png; path = "Icon-Small-50.png"; sourceTree = "<group>"; };
		B5A0032C183411DB005778AB /* Icon-Small-50@2x.png */ = {isa = PBXFileReference; lastKnownFileType = image.png; path = "Icon-Small-50@2x.png"; sourceTree = "<group>"; };
		B5A0032D183411DB005778AB /* Icon-Small.png */ = {isa = PBXFileReference; lastKnownFileType = image.png; path = "Icon-Small.png"; sourceTree = "<group>"; };
		B5A0032E183411DB005778AB /* Icon-Small@2x.png */ = {isa = PBXFileReference; lastKnownFileType = image.png; path = "Icon-Small@2x.png"; sourceTree = "<group>"; };
		B5A0032F183411DB005778AB /* Icon.png */ = {isa = PBXFileReference; lastKnownFileType = image.png; path = Icon.png; sourceTree = "<group>"; };
		B5A00330183411DB005778AB /* Icon@2x.png */ = {isa = PBXFileReference; lastKnownFileType = image.png; path = "Icon@2x.png"; sourceTree = "<group>"; };
		B5A00331183411DB005778AB /* iTunesArtwork.png */ = {isa = PBXFileReference; lastKnownFileType = image.png; path = iTunesArtwork.png; sourceTree = "<group>"; };
		B5A00332183411DB005778AB /* iTunesArtwork@2x.png */ = {isa = PBXFileReference; lastKnownFileType = image.png; path = "iTunesArtwork@2x.png"; sourceTree = "<group>"; };
		B5A0034318341A3D005778AB /* btn@2x.png */ = {isa = PBXFileReference; lastKnownFileType = image.png; path = "btn@2x.png"; sourceTree = "<group>"; };
		B5B3117818C77462005A4569 /* TKDExpressSiteContactViewController.h */ = {isa = PBXFileReference; fileEncoding = 4; lastKnownFileType = sourcecode.c.h; path = TKDExpressSiteContactViewController.h; sourceTree = "<group>"; };
		B5B3117918C77462005A4569 /* TKDExpressSiteContactViewController.m */ = {isa = PBXFileReference; fileEncoding = 4; lastKnownFileType = sourcecode.c.objc; path = TKDExpressSiteContactViewController.m; sourceTree = "<group>"; };
		B5B3117A18C77462005A4569 /* TKDExpressSiteContactViewController.xib */ = {isa = PBXFileReference; fileEncoding = 4; lastKnownFileType = file.xib; path = TKDExpressSiteContactViewController.xib; sourceTree = "<group>"; };
		B5BDC86E1848A37B001963D7 /* libMobClickLibrary.a */ = {isa = PBXFileReference; lastKnownFileType = archive.ar; path = libMobClickLibrary.a; sourceTree = "<group>"; };
		B5BE5FCE1841EA4F004248C8 /* InfoPlist.strings */ = {isa = PBXFileReference; fileEncoding = 4; lastKnownFileType = text.plist.strings; path = InfoPlist.strings; sourceTree = "<group>"; };
		B5BE5FD01841EA55004248C8 /* en */ = {isa = PBXFileReference; lastKnownFileType = text.plist.xml; name = en; path = "en.lproj/TKDTests-Info.plist"; sourceTree = "<group>"; };
		B5C6DE0018C1D54F001A5A64 /* TKDSendDetailViewController.h */ = {isa = PBXFileReference; fileEncoding = 4; lastKnownFileType = sourcecode.c.h; path = TKDSendDetailViewController.h; sourceTree = "<group>"; };
		B5C6DE0118C1D54F001A5A64 /* TKDSendDetailViewController.m */ = {isa = PBXFileReference; fileEncoding = 4; lastKnownFileType = sourcecode.c.objc; path = TKDSendDetailViewController.m; sourceTree = "<group>"; };
		B5C74F611831497800E33386 /* UIKeyboardView.m */ = {isa = PBXFileReference; fileEncoding = 4; lastKnownFileType = sourcecode.c.objc; path = UIKeyboardView.m; sourceTree = "<group>"; };
		B5C74F621831497800E33386 /* UIKeyboardViewController.h */ = {isa = PBXFileReference; fileEncoding = 4; lastKnownFileType = sourcecode.c.h; path = UIKeyboardViewController.h; sourceTree = "<group>"; };
		B5C74F631831497800E33386 /* UIKeyboardViewController.m */ = {isa = PBXFileReference; fileEncoding = 4; lastKnownFileType = sourcecode.c.objc; path = UIKeyboardViewController.m; sourceTree = "<group>"; };
		B5C74F641831497800E33386 /* UIKeyboardView.h */ = {isa = PBXFileReference; fileEncoding = 4; lastKnownFileType = sourcecode.c.h; path = UIKeyboardView.h; sourceTree = "<group>"; };
		B5C74F6C1833D34700E33386 /* TKDMsgViewController.h */ = {isa = PBXFileReference; fileEncoding = 4; lastKnownFileType = sourcecode.c.h; path = TKDMsgViewController.h; sourceTree = "<group>"; };
		B5C74F6D1833D34700E33386 /* TKDMsgViewController.m */ = {isa = PBXFileReference; fileEncoding = 4; lastKnownFileType = sourcecode.c.objc; path = TKDMsgViewController.m; sourceTree = "<group>"; };
		B5C74F6F1833E4E700E33386 /* TKDMsgDetailViewController.h */ = {isa = PBXFileReference; fileEncoding = 4; lastKnownFileType = sourcecode.c.h; path = TKDMsgDetailViewController.h; sourceTree = "<group>"; };
		B5C74F701833E4E700E33386 /* TKDMsgDetailViewController.m */ = {isa = PBXFileReference; fileEncoding = 4; lastKnownFileType = sourcecode.c.objc; path = TKDMsgDetailViewController.m; sourceTree = "<group>"; };
		B5CADF691860A0C3000D6FB3 /* button_b@2x.png */ = {isa = PBXFileReference; lastKnownFileType = image.png; path = "button_b@2x.png"; sourceTree = "<group>"; };
		B5CADF6B1860A112000D6FB3 /* button_y@2x.png */ = {isa = PBXFileReference; lastKnownFileType = image.png; path = "button_y@2x.png"; sourceTree = "<group>"; };
		B5F9B26718B91B25000D8B92 /* TKDSendExpressVc.h */ = {isa = PBXFileReference; fileEncoding = 4; lastKnownFileType = sourcecode.c.h; path = TKDSendExpressVc.h; sourceTree = "<group>"; };
		B5F9B26818B91B25000D8B92 /* TKDSendExpressVc.m */ = {isa = PBXFileReference; fileEncoding = 4; lastKnownFileType = sourcecode.c.objc; path = TKDSendExpressVc.m; sourceTree = "<group>"; };
		E047CE83864F49FAB18D2970 /* Pods.xcconfig */ = {isa = PBXFileReference; includeInIndex = 1; lastKnownFileType = text.xcconfig; name = Pods.xcconfig; path = Pods/Pods.xcconfig; sourceTree = "<group>"; };
/* End PBXFileReference section */

/* Begin PBXFrameworksBuildPhase section */
		B56FAA1B182F6DE6009E974A /* Frameworks */ = {
			isa = PBXFrameworksBuildPhase;
			buildActionMask = 2147483647;
			files = (
				B54B66BF1858E37A000684F0 /* CoreTelephony.framework in Frameworks */,
				B54B66BD1858E36F000684F0 /* CoreFoundation.framework in Frameworks */,
				B5BDC86F1848A37B001963D7 /* libMobClickLibrary.a in Frameworks */,
				B56FAA8E182F8ACF009E974A /* libz.dylib in Frameworks */,
				B56FAA8C182F8AC6009E974A /* libsqlite3.dylib in Frameworks */,
				B56FAA8A182F8AAA009E974A /* libxml2.dylib in Frameworks */,
				B54B66BA1858E32D000684F0 /* libPushSDK.a in Frameworks */,
				B56FAA86182F89F2009E974A /* CoreLocation.framework in Frameworks */,
				B56FAA84182F89DC009E974A /* Security.framework in Frameworks */,
				B56FAA82182F89C8009E974A /* MobileCoreServices.framework in Frameworks */,
				B56FAA80182F89BC009E974A /* QuartzCore.framework in Frameworks */,
				B56FAA7E182F89B2009E974A /* CFNetwork.framework in Frameworks */,
				B56FAA7C182F874A009E974A /* SystemConfiguration.framework in Frameworks */,
				B56FAA24182F6DE6009E974A /* CoreGraphics.framework in Frameworks */,
				B56FAA26182F6DE6009E974A /* UIKit.framework in Frameworks */,
				B56FAA22182F6DE6009E974A /* Foundation.framework in Frameworks */,
				B702E55E925843C989D762CE /* libPods.a in Frameworks */,
			);
			runOnlyForDeploymentPostprocessing = 0;
		};
/* End PBXFrameworksBuildPhase section */

/* Begin PBXGroup section */
		B51A86DC1833F2340008F7E4 /* SettingController */ = {
			isa = PBXGroup;
			children = (
				B56FAA96182FA351009E974A /* TKDSetViewController.h */,
				B56FAA97182FA351009E974A /* TKDSetViewController.m */,
				B56FAA98182FA351009E974A /* TKDSetViewController.xib */,
				B51A86D71833F0DC0008F7E4 /* TKDAboutViewController.h */,
				B51A86D81833F0DC0008F7E4 /* TKDAboutViewController.m */,
				B51A86F41833F6260008F7E4 /* TKDAgreementViewController.h */,
				B51A86F51833F6260008F7E4 /* TKDAgreementViewController.m */,
			);
			name = SettingController;
			sourceTree = "<group>";
		};
		B51A86DD1833F2510008F7E4 /* Model */ = {
			isa = PBXGroup;
			children = (
				B56D7DA11847B338006CD91D /* MobClick.h */,
				B56FAA90182F9826009E974A /* TKDKit.h */,
				B56FAA91182F9826009E974A /* TKDKit.m */,
				B51A86ED1833F3A60008F7E4 /* TKDUser.h */,
				B51A86EE1833F3A60008F7E4 /* TKDUser.m */,
			);
			name = Model;
			sourceTree = "<group>";
		};
		B51A86DE1833F2690008F7E4 /* TakeExpressController */ = {
			isa = PBXGroup;
			children = (
				B51A86E51833F3490008F7E4 /* TKDMainViewController.h */,
				B51A86E61833F3490008F7E4 /* TKDMainViewController.m */,
				B51A86E81833F36B0008F7E4 /* TKDMainDetailViewController.h */,
				B51A86E91833F36B0008F7E4 /* TKDMainDetailViewController.m */,
				B51A86EA1833F36B0008F7E4 /* TKDMainDetailViewController.xib */,
			);
			name = TakeExpressController;
			sourceTree = "<group>";
		};
		B51A86DF1833F2820008F7E4 /* LoginController */ = {
			isa = PBXGroup;
			children = (
				B51A86F91833FE020008F7E4 /* RegisterController */,
				B56FAA50182F78F7009E974A /* TKDLoginViewController.h */,
				B56FAA51182F78F7009E974A /* TKDLoginViewController.m */,
				B56FAA52182F78F7009E974A /* TKDLoginViewController.xib */,
				B51A86E01833F3130008F7E4 /* TKDResetPasswordViewController.h */,
				B51A86E11833F3130008F7E4 /* TKDResetPasswordViewController.m */,
				B51A86E21833F3130008F7E4 /* TKDResetPasswordViewController.xib */,
			);
			name = LoginController;
			sourceTree = "<group>";
		};
		B51A86F91833FE020008F7E4 /* RegisterController */ = {
			isa = PBXGroup;
			children = (
				B56FAA55182F792A009E974A /* TKDActivateViewController.h */,
				B56FAA56182F792A009E974A /* TKDActivateViewController.m */,
				B56FAA57182F792A009E974A /* TKDActivateViewController.xib */,
				B56FAAA6183121E1009E974A /* TKDRegisterViewController.h */,
				B56FAAA7183121E1009E974A /* TKDRegisterViewController.m */,
				B56FAAA8183121E1009E974A /* TKDRegisterViewController.xib */,
			);
			name = RegisterController;
			sourceTree = "<group>";
		};
		B535775D18C2567D008B28A9 /* expressSite */ = {
			isa = PBXGroup;
			children = (
				B535776E18C25702008B28A9 /* 中通快递@2x.png */,
				B535776F18C25702008B28A9 /* 圆通快递@2x.png */,
				B535777018C25702008B28A9 /* 申通快递@2x.png */,
				B535777E18C25C1D008B28A9 /* 天天快递@2x.png */,
				B535777118C25702008B28A9 /* EMS@2x.png */,
				B535777218C25702008B28A9 /* 顺丰快递@2x.png */,
				B535777418C25702008B28A9 /* 韵达快递@2x.png */,
				B535777518C25702008B28A9 /* 宅急送@2x.png */,
			);
			name = expressSite;
			sourceTree = "<group>";
		};
		B543F64718D22761002345AB /* Waterfall */ = {
			isa = PBXGroup;
			children = (
			);
			name = Waterfall;
			sourceTree = "<group>";
		};
		B56FAA15182F6DE6009E974A = {
			isa = PBXGroup;
			children = (
				B56FAA2F182F6DE6009E974A /* TKD-Prefix.pch */,
				B56FAA8F182F8F8C009E974A /* TKDCommonDefine.h */,
				B56FAA9D18310C42009E974A /* SynthesizeSingleton.h */,
				B56FAA30182F6DE6009E974A /* TKDAppDelegate.h */,
				B56FAA31182F6DE6009E974A /* TKDAppDelegate.m */,
				B56FAA27182F6DE6009E974A /* TKD */,
				B56FAA5D182F8302009E974A /* External */,
				B56FAA93182F9C06009E974A /* res */,
				B56FAA40182F6DE7009E974A /* TKDTests */,
				B56FAA20182F6DE6009E974A /* Frameworks */,
				B56FAA1F182F6DE6009E974A /* Products */,
				E047CE83864F49FAB18D2970 /* Pods.xcconfig */,
			);
			sourceTree = "<group>";
		};
		B56FAA1F182F6DE6009E974A /* Products */ = {
			isa = PBXGroup;
			children = (
				B56FAA1E182F6DE6009E974A /* 淘快递.app */,
			);
			name = Products;
			sourceTree = "<group>";
		};
		B56FAA20182F6DE6009E974A /* Frameworks */ = {
			isa = PBXGroup;
			children = (
				B5BDC86E1848A37B001963D7 /* libMobClickLibrary.a */,
				B54B66B91858E32D000684F0 /* libPushSDK.a */,
				B56FAA8D182F8ACF009E974A /* libz.dylib */,
				B56FAA8B182F8AC6009E974A /* libsqlite3.dylib */,
				B56FAA89182F8AAA009E974A /* libxml2.dylib */,
				B56FAA87182F8A3B009E974A /* libxml2.2.dylib */,
				B54B66BE1858E37A000684F0 /* CoreTelephony.framework */,
				B54B66BC1858E36F000684F0 /* CoreFoundation.framework */,
				B56FAA85182F89F2009E974A /* CoreLocation.framework */,
				B56FAA83182F89DC009E974A /* Security.framework */,
				B56FAA81182F89C8009E974A /* MobileCoreServices.framework */,
				B56FAA7F182F89BC009E974A /* QuartzCore.framework */,
				B56FAA7D182F89B2009E974A /* CFNetwork.framework */,
				B56FAA7B182F874A009E974A /* SystemConfiguration.framework */,
				B56FAA21182F6DE6009E974A /* Foundation.framework */,
				B56FAA23182F6DE6009E974A /* CoreGraphics.framework */,
				B56FAA25182F6DE6009E974A /* UIKit.framework */,
				B56FAA3A182F6DE7009E974A /* XCTest.framework */,
				822A41E2FE8A4AFDA8AEB05E /* libPods.a */,
			);
			name = Frameworks;
			sourceTree = "<group>";
		};
		B56FAA27182F6DE6009E974A /* TKD */ = {
			isa = PBXGroup;
			children = (
				B51A86DF1833F2820008F7E4 /* LoginController */,
				B51A86DE1833F2690008F7E4 /* TakeExpressController */,
				B5F9B26318B91A53000D8B92 /* SendExpressController */,
				B5F9B26A18B91BC0000D8B92 /* MessageController */,
				B51A86DC1833F2340008F7E4 /* SettingController */,
				B51A86DD1833F2510008F7E4 /* Model */,
				B56FAA28182F6DE6009E974A /* Supporting Files */,
			);
			path = TKD;
			sourceTree = "<group>";
		};
		B56FAA28182F6DE6009E974A /* Supporting Files */ = {
			isa = PBXGroup;
			children = (
				B56FAA29182F6DE6009E974A /* TKD-Info.plist */,
				B56FAA2A182F6DE6009E974A /* InfoPlist.strings */,
				B56FAA2D182F6DE6009E974A /* main.m */,
			);
			name = "Supporting Files";
			sourceTree = "<group>";
		};
		B56FAA40182F6DE7009E974A /* TKDTests */ = {
			isa = PBXGroup;
			children = (
				B56FAA46182F6DE7009E974A /* TKDTests.m */,
				B56FAA41182F6DE7009E974A /* Supporting Files */,
			);
			path = TKDTests;
			sourceTree = "<group>";
		};
		B56FAA41182F6DE7009E974A /* Supporting Files */ = {
			isa = PBXGroup;
			children = (
				B5BE5FD11841EA55004248C8 /* TKDTests-Info.plist */,
				B5BE5FCE1841EA4F004248C8 /* InfoPlist.strings */,
			);
			name = "Supporting Files";
			sourceTree = "<group>";
		};
		B56FAA5D182F8302009E974A /* External */ = {
			isa = PBXGroup;
			children = (
				B543F64718D22761002345AB /* Waterfall */,
				B58CD6531860344F004488FB /* APService.h */,
				B51A86FA1833FF230008F7E4 /* CHKeychain.h */,
				B51A86FB1833FF230008F7E4 /* CHKeychain.m */,
				B5C74F641831497800E33386 /* UIKeyboardView.h */,
				B5C74F611831497800E33386 /* UIKeyboardView.m */,
				B5C74F621831497800E33386 /* UIKeyboardViewController.h */,
				B5C74F631831497800E33386 /* UIKeyboardViewController.m */,
				B56FAAA0183117C8009E974A /* NSString+JSONCategories.m */,
				B56FAAA1183117C8009E974A /* NSString+JSONCategories.h */,
				B56FAAA2183117C8009E974A /* NSObject+JSONCategories.m */,
				B56FAAA3183117C8009E974A /* NSObject+JSONCategories.h */,
				B56FAA5E182F8302009E974A /* ASIHTTP */,
			);
			path = External;
			sourceTree = "<group>";
		};
		B56FAA5E182F8302009E974A /* ASIHTTP */ = {
			isa = PBXGroup;
			children = (
				B56FAA5F182F8302009E974A /* ASIAuthenticationDialog.h */,
				B56FAA60182F8302009E974A /* ASIAuthenticationDialog.m */,
				B56FAA61182F8302009E974A /* ASICacheDelegate.h */,
				B56FAA62182F8302009E974A /* ASIDataCompressor.h */,
				B56FAA63182F8302009E974A /* ASIDataCompressor.m */,
				B56FAA64182F8302009E974A /* ASIDataDecompressor.h */,
				B56FAA65182F8302009E974A /* ASIDataDecompressor.m */,
				B56FAA66182F8302009E974A /* ASIDownloadCache.h */,
				B56FAA67182F8302009E974A /* ASIDownloadCache.m */,
				B56FAA68182F8302009E974A /* ASIFormDataRequest.h */,
				B56FAA69182F8302009E974A /* ASIFormDataRequest.m */,
				B56FAA6A182F8302009E974A /* ASIHTTPRequest.h */,
				B56FAA6B182F8302009E974A /* ASIHTTPRequest.m */,
				B56FAA6C182F8302009E974A /* ASIHTTPRequestConfig.h */,
				B56FAA6D182F8302009E974A /* ASIHTTPRequestDelegate.h */,
				B56FAA6E182F8302009E974A /* ASIInputStream.h */,
				B56FAA6F182F8302009E974A /* ASIInputStream.m */,
				B56FAA70182F8302009E974A /* ASINetworkQueue.h */,
				B56FAA71182F8302009E974A /* ASINetworkQueue.m */,
				B56FAA72182F8302009E974A /* ASIProgressDelegate.h */,
			);
			path = ASIHTTP;
			sourceTree = "<group>";
		};
		B56FAA93182F9C06009E974A /* res */ = {
			isa = PBXGroup;
			children = (
				B535775D18C2567D008B28A9 /* expressSite */,
				B5A00322183411D6005778AB /* icon */,
				B5A0031818340F1A005778AB /* Default-568h@2x-1.png */,
				B53BF34718BE496400B25AC5 /* msg@2x.png */,
				B53BF34818BE496400B25AC5 /* send@2x.png */,
				B53BF34918BE496400B25AC5 /* take@2x.png */,
				B562B98A18CD2FFA0020534E /* login_btn@2x.png */,
				B562B98B18CD2FFA0020534E /* check.png */,
				B562B98C18CD2FFA0020534E /* back@2x.png */,
				B562B98D18CD2FFA0020534E /* plus@2x.png */,
				B562B98E18CD2FFA0020534E /* set@2x.png */,
				B5A0031918340F1A005778AB /* Default@2x-1.png */,
				B5A0031A18340F1A005778AB /* Default@2x.png */,
				B5A0031B18340F1A005778AB /* Default-568h@2x.png */,
				B5A0031C18340F1A005778AB /* Default.png */,
				B5CADF691860A0C3000D6FB3 /* button_b@2x.png */,
				B51A86F71833FB800008F7E4 /* about.html */,
				B51A86F11833F4D40008F7E4 /* xieyi.html */,
				B5A0034318341A3D005778AB /* btn@2x.png */,
				B56FAA9B182FA4AF009E974A /* erweima@2x.png */,
				B5CADF6B1860A112000D6FB3 /* button_y@2x.png */,
				B56FAA94182F9C10009E974A /* contact_input_bg@2x.png */,
				B51A86FD1834019C0008F7E4 /* check@2x.png */,
				B51A86FE1834019C0008F7E4 /* uncheck@2x.png */,
				B54B66C01858E3F8000684F0 /* PushConfig.plist */,
			);
			name = res;
			sourceTree = "<group>";
		};
		B5A00322183411D6005778AB /* icon */ = {
			isa = PBXGroup;
			children = (
				B5A00323183411DB005778AB /* Icon-40.png */,
				B5A00324183411DB005778AB /* Icon-40@2x.png */,
				B5A00325183411DB005778AB /* Icon-60.png */,
				B5A00326183411DB005778AB /* Icon-60@2x.png */,
				B5A00327183411DB005778AB /* Icon-72.png */,
				B5A00328183411DB005778AB /* Icon-72@2x.png */,
				B5A00329183411DB005778AB /* Icon-76.png */,
				B5A0032A183411DB005778AB /* Icon-76@2x.png */,
				B5A0032B183411DB005778AB /* Icon-Small-50.png */,
				B5A0032C183411DB005778AB /* Icon-Small-50@2x.png */,
				B5A0032D183411DB005778AB /* Icon-Small.png */,
				B5A0032E183411DB005778AB /* Icon-Small@2x.png */,
				B5A0032F183411DB005778AB /* Icon.png */,
				B5A00330183411DB005778AB /* Icon@2x.png */,
				B5A00331183411DB005778AB /* iTunesArtwork.png */,
				B5A00332183411DB005778AB /* iTunesArtwork@2x.png */,
			);
			name = icon;
			sourceTree = "<group>";
		};
		B5F9B26318B91A53000D8B92 /* SendExpressController */ = {
			isa = PBXGroup;
			children = (
				B5F9B26718B91B25000D8B92 /* TKDSendExpressVc.h */,
				B5F9B26818B91B25000D8B92 /* TKDSendExpressVc.m */,
				B535775A18C2403E008B28A9 /* TKDExpressSiteViewController.h */,
				B535775B18C2403E008B28A9 /* TKDExpressSiteViewController.m */,
				B5C6DE0018C1D54F001A5A64 /* TKDSendDetailViewController.h */,
				B5C6DE0118C1D54F001A5A64 /* TKDSendDetailViewController.m */,
				B5B3117818C77462005A4569 /* TKDExpressSiteContactViewController.h */,
				B5B3117918C77462005A4569 /* TKDExpressSiteContactViewController.m */,
				B5B3117A18C77462005A4569 /* TKDExpressSiteContactViewController.xib */,
				B535775718C23A16008B28A9 /* TKDExpressListViewController.h */,
				B535775818C23A16008B28A9 /* TKDExpressListViewController.m */,
			);
			name = SendExpressController;
			sourceTree = "<group>";
		};
		B5F9B26A18B91BC0000D8B92 /* MessageController */ = {
			isa = PBXGroup;
			children = (
				B5C74F6C1833D34700E33386 /* TKDMsgViewController.h */,
				B5C74F6D1833D34700E33386 /* TKDMsgViewController.m */,
				B5C74F6F1833E4E700E33386 /* TKDMsgDetailViewController.h */,
				B5C74F701833E4E700E33386 /* TKDMsgDetailViewController.m */,
			);
			name = MessageController;
			sourceTree = "<group>";
		};
/* End PBXGroup section */

/* Begin PBXNativeTarget section */
		B56FAA1D182F6DE6009E974A /* TKD */ = {
			isa = PBXNativeTarget;
			buildConfigurationList = B56FAA4A182F6DE7009E974A /* Build configuration list for PBXNativeTarget "TKD" */;
			buildPhases = (
				57A0EF58B90D41C9A5ED1EF3 /* Check Pods Manifest.lock */,
				B56FAA1A182F6DE6009E974A /* Sources */,
				B56FAA1B182F6DE6009E974A /* Frameworks */,
				B56FAA1C182F6DE6009E974A /* Resources */,
				530E14881D5B49B6A5D60870 /* Copy Pods Resources */,
			);
			buildRules = (
			);
			dependencies = (
			);
			name = TKD;
			productName = TKD;
			productReference = B56FAA1E182F6DE6009E974A /* 淘快递.app */;
			productType = "com.apple.product-type.application";
		};
/* End PBXNativeTarget section */

/* Begin PBXProject section */
		B56FAA16182F6DE6009E974A /* Project object */ = {
			isa = PBXProject;
			attributes = {
				CLASSPREFIX = TKD;
				LastUpgradeCheck = 0500;
				ORGANIZATIONNAME = qfpay;
				TargetAttributes = {
					B56FAA1D182F6DE6009E974A = {
						DevelopmentTeam = 6XX8659PN2;
					};
				};
			};
			buildConfigurationList = B56FAA19182F6DE6009E974A /* Build configuration list for PBXProject "TKD" */;
			compatibilityVersion = "Xcode 3.2";
			developmentRegion = English;
			hasScannedForEncodings = 0;
			knownRegions = (
				en,
			);
			mainGroup = B56FAA15182F6DE6009E974A;
			productRefGroup = B56FAA1F182F6DE6009E974A /* Products */;
			projectDirPath = "";
			projectRoot = "";
			targets = (
				B56FAA1D182F6DE6009E974A /* TKD */,
			);
		};
/* End PBXProject section */

/* Begin PBXResourcesBuildPhase section */
		B56FAA1C182F6DE6009E974A /* Resources */ = {
			isa = PBXResourcesBuildPhase;
			buildActionMask = 2147483647;
			files = (
				B5A0031F18340F1A005778AB /* Default@2x.png in Resources */,
				B5A0032118340F1A005778AB /* Default.png in Resources */,
				B5A0033C183411DB005778AB /* Icon-Small-50@2x.png in Resources */,
				B5A0033E183411DB005778AB /* Icon-Small@2x.png in Resources */,
				B5A00338183411DB005778AB /* Icon-72@2x.png in Resources */,
				B5BE5FCF1841EA4F004248C8 /* InfoPlist.strings in Resources */,
				B56FAA59182F792A009E974A /* TKDActivateViewController.xib in Resources */,
				B535777C18C25702008B28A9 /* 韵达快递@2x.png in Resources */,
				B5A00341183411DB005778AB /* iTunesArtwork.png in Resources */,
				B5A00337183411DB005778AB /* Icon-72.png in Resources */,
				B535777D18C25702008B28A9 /* 宅急送@2x.png in Resources */,
				B56FAA54182F78F7009E974A /* TKDLoginViewController.xib in Resources */,
				B56FAA2C182F6DE6009E974A /* InfoPlist.strings in Resources */,
				B53BF34B18BE496400B25AC5 /* send@2x.png in Resources */,
				B5A00335183411DB005778AB /* Icon-60.png in Resources */,
				B56FAA95182F9C10009E974A /* contact_input_bg@2x.png in Resources */,
				B51A86E41833F3130008F7E4 /* TKDResetPasswordViewController.xib in Resources */,
				B5A0034418341A3D005778AB /* btn@2x.png in Resources */,
				B5A0031D18340F1A005778AB /* Default-568h@2x-1.png in Resources */,
				B535777A18C25702008B28A9 /* 顺丰快递@2x.png in Resources */,
				B535777718C25702008B28A9 /* 圆通快递@2x.png in Resources */,
				B56FAA9C182FA4AF009E974A /* erweima@2x.png in Resources */,
				B5A0033F183411DB005778AB /* Icon.png in Resources */,
				B562B99118CD2FFA0020534E /* back@2x.png in Resources */,
				B5A0033B183411DB005778AB /* Icon-Small-50.png in Resources */,
				B5A00334183411DB005778AB /* Icon-40@2x.png in Resources */,
				B5A00340183411DB005778AB /* Icon@2x.png in Resources */,
				B5A0032018340F1A005778AB /* Default-568h@2x.png in Resources */,
				B53BF34A18BE496400B25AC5 /* msg@2x.png in Resources */,
				B56FAAAA183121E1009E974A /* TKDRegisterViewController.xib in Resources */,
				B562B98F18CD2FFA0020534E /* login_btn@2x.png in Resources */,
				B562B99218CD2FFA0020534E /* plus@2x.png in Resources */,
				B535777F18C25C1D008B28A9 /* 天天快递@2x.png in Resources */,
				B535777918C25702008B28A9 /* EMS@2x.png in Resources */,
				B5A00342183411DB005778AB /* iTunesArtwork@2x.png in Resources */,
				B51A86F31833F4D40008F7E4 /* xieyi.html in Resources */,
				B5A0033A183411DB005778AB /* Icon-76@2x.png in Resources */,
				B51A87001834019C0008F7E4 /* uncheck@2x.png in Resources */,
				B562B99018CD2FFA0020534E /* check.png in Resources */,
				B53BF34C18BE496400B25AC5 /* take@2x.png in Resources */,
				B5A00336183411DB005778AB /* Icon-60@2x.png in Resources */,
				B51A86F81833FB800008F7E4 /* about.html in Resources */,
				B54B66C11858E3F8000684F0 /* PushConfig.plist in Resources */,
				B5A0033D183411DB005778AB /* Icon-Small.png in Resources */,
				B535777618C25702008B28A9 /* 中通快递@2x.png in Resources */,
				B51A86EC1833F36B0008F7E4 /* TKDMainDetailViewController.xib in Resources */,
				B56FAA9A182FA351009E974A /* TKDSetViewController.xib in Resources */,
				B5CADF6A1860A0C3000D6FB3 /* button_b@2x.png in Resources */,
				B535777818C25702008B28A9 /* 申通快递@2x.png in Resources */,
				B5A0031E18340F1A005778AB /* Default@2x-1.png in Resources */,
				B5A00339183411DB005778AB /* Icon-76.png in Resources */,
				B562B99318CD2FFA0020534E /* set@2x.png in Resources */,
				B5B3117C18C77462005A4569 /* TKDExpressSiteContactViewController.xib in Resources */,
				B51A86FF1834019C0008F7E4 /* check@2x.png in Resources */,
				B5CADF6C1860A112000D6FB3 /* button_y@2x.png in Resources */,
				B5A00333183411DB005778AB /* Icon-40.png in Resources */,
			);
			runOnlyForDeploymentPostprocessing = 0;
		};
/* End PBXResourcesBuildPhase section */

/* Begin PBXShellScriptBuildPhase section */
		530E14881D5B49B6A5D60870 /* Copy Pods Resources */ = {
			isa = PBXShellScriptBuildPhase;
			buildActionMask = 2147483647;
			files = (
			);
			inputPaths = (
			);
			name = "Copy Pods Resources";
			outputPaths = (
			);
			runOnlyForDeploymentPostprocessing = 0;
			shellPath = /bin/sh;
			shellScript = "\"${SRCROOT}/Pods/Pods-resources.sh\"\n";
			showEnvVarsInLog = 0;
		};
		57A0EF58B90D41C9A5ED1EF3 /* Check Pods Manifest.lock */ = {
			isa = PBXShellScriptBuildPhase;
			buildActionMask = 2147483647;
			files = (
			);
			inputPaths = (
			);
			name = "Check Pods Manifest.lock";
			outputPaths = (
			);
			runOnlyForDeploymentPostprocessing = 0;
			shellPath = /bin/sh;
			shellScript = "diff \"${PODS_ROOT}/../Podfile.lock\" \"${PODS_ROOT}/Manifest.lock\" > /dev/null\nif [[ $? != 0 ]] ; then\n    cat << EOM\nerror: The sandbox is not in sync with the Podfile.lock. Run 'pod install' or update your CocoaPods installation.\nEOM\n    exit 1\nfi\n";
			showEnvVarsInLog = 0;
		};
/* End PBXShellScriptBuildPhase section */

/* Begin PBXSourcesBuildPhase section */
		B56FAA1A182F6DE6009E974A /* Sources */ = {
			isa = PBXSourcesBuildPhase;
			buildActionMask = 2147483647;
			files = (
				B56FAA92182F9826009E974A /* TKDKit.m in Sources */,
				B56FAAA9183121E1009E974A /* TKDRegisterViewController.m in Sources */,
				B56FAA74182F8302009E974A /* ASIDataCompressor.m in Sources */,
				B56FAA58182F792A009E974A /* TKDActivateViewController.m in Sources */,
				B51A86F61833F6260008F7E4 /* TKDAgreementViewController.m in Sources */,
				B51A86EB1833F36B0008F7E4 /* TKDMainDetailViewController.m in Sources */,
				B5C74F661831497800E33386 /* UIKeyboardViewController.m in Sources */,
				B5C74F711833E4E700E33386 /* TKDMsgDetailViewController.m in Sources */,
				B56FAA32182F6DE6009E974A /* TKDAppDelegate.m in Sources */,
				B56FAA73182F8302009E974A /* ASIAuthenticationDialog.m in Sources */,
				B51A86FC1833FF230008F7E4 /* CHKeychain.m in Sources */,
				B51A86DA1833F0DC0008F7E4 /* TKDAboutViewController.m in Sources */,
				B51A86E31833F3130008F7E4 /* TKDResetPasswordViewController.m in Sources */,
				B56FAA77182F8302009E974A /* ASIFormDataRequest.m in Sources */,
				B56FAA75182F8302009E974A /* ASIDataDecompressor.m in Sources */,
				B535775918C23A16008B28A9 /* TKDExpressListViewController.m in Sources */,
				B56FAAA5183117C8009E974A /* NSObject+JSONCategories.m in Sources */,
				B56FAA2E182F6DE6009E974A /* main.m in Sources */,
				B56FAA79182F8302009E974A /* ASIInputStream.m in Sources */,
				B56FAA7A182F8302009E974A /* ASINetworkQueue.m in Sources */,
				B56FAA78182F8302009E974A /* ASIHTTPRequest.m in Sources */,
				B51A86E71833F3490008F7E4 /* TKDMainViewController.m in Sources */,
				B5B3117B18C77462005A4569 /* TKDExpressSiteContactViewController.m in Sources */,
				B5C6DE0218C1D54F001A5A64 /* TKDSendDetailViewController.m in Sources */,
				B5F9B26918B91B25000D8B92 /* TKDSendExpressVc.m in Sources */,
				B56FAA99182FA351009E974A /* TKDSetViewController.m in Sources */,
				B51A86EF1833F3A60008F7E4 /* TKDUser.m in Sources */,
				B535775C18C2403E008B28A9 /* TKDExpressSiteViewController.m in Sources */,
				B56FAAA4183117C8009E974A /* NSString+JSONCategories.m in Sources */,
				B5C74F651831497800E33386 /* UIKeyboardView.m in Sources */,
				B56FAA76182F8302009E974A /* ASIDownloadCache.m in Sources */,
				B5C74F6E1833D34700E33386 /* TKDMsgViewController.m in Sources */,
				B56FAA53182F78F7009E974A /* TKDLoginViewController.m in Sources */,
			);
			runOnlyForDeploymentPostprocessing = 0;
		};
/* End PBXSourcesBuildPhase section */

/* Begin PBXVariantGroup section */
		B56FAA2A182F6DE6009E974A /* InfoPlist.strings */ = {
			isa = PBXVariantGroup;
			children = (
				B56FAA2B182F6DE6009E974A /* en */,
			);
			name = InfoPlist.strings;
			sourceTree = "<group>";
		};
		B5BE5FD11841EA55004248C8 /* TKDTests-Info.plist */ = {
			isa = PBXVariantGroup;
			children = (
				B5BE5FD01841EA55004248C8 /* en */,
			);
			name = "TKDTests-Info.plist";
			sourceTree = "<group>";
		};
/* End PBXVariantGroup section */

/* Begin XCBuildConfiguration section */
		B56FAA48182F6DE7009E974A /* Debug */ = {
			isa = XCBuildConfiguration;
			buildSettings = {
				ALWAYS_SEARCH_USER_PATHS = NO;
				ARCHS = "$(ARCHS_STANDARD)";
				CLANG_CXX_LANGUAGE_STANDARD = "gnu++0x";
				CLANG_CXX_LIBRARY = "libc++";
				CLANG_ENABLE_MODULES = YES;
				CLANG_ENABLE_OBJC_ARC = YES;
				CLANG_WARN_BOOL_CONVERSION = YES;
				CLANG_WARN_CONSTANT_CONVERSION = YES;
				CLANG_WARN_DIRECT_OBJC_ISA_USAGE = YES_ERROR;
				CLANG_WARN_EMPTY_BODY = YES;
				CLANG_WARN_ENUM_CONVERSION = YES;
				CLANG_WARN_INT_CONVERSION = YES;
				CLANG_WARN_OBJC_ROOT_CLASS = YES_ERROR;
				CLANG_WARN__DUPLICATE_METHOD_MATCH = YES;
				"CODE_SIGN_IDENTITY[sdk=iphoneos*]" = "iPhone Developer";
				COPY_PHASE_STRIP = NO;
				GCC_C_LANGUAGE_STANDARD = gnu99;
				GCC_DYNAMIC_NO_PIC = NO;
				GCC_OPTIMIZATION_LEVEL = 0;
				GCC_PREPROCESSOR_DEFINITIONS = (
					"DEBUG=1",
					"$(inherited)",
				);
				GCC_SYMBOLS_PRIVATE_EXTERN = NO;
				GCC_WARN_64_TO_32_BIT_CONVERSION = YES;
				GCC_WARN_ABOUT_RETURN_TYPE = YES_ERROR;
				GCC_WARN_UNDECLARED_SELECTOR = YES;
				GCC_WARN_UNINITIALIZED_AUTOS = YES;
				GCC_WARN_UNUSED_FUNCTION = YES;
				GCC_WARN_UNUSED_VARIABLE = YES;
				IPHONEOS_DEPLOYMENT_TARGET = 7.0;
				ONLY_ACTIVE_ARCH = YES;
				SDKROOT = iphoneos6.1;
				VALID_ARCHS = "armv7 armv7s";
			};
			name = Debug;
		};
		B56FAA49182F6DE7009E974A /* Release */ = {
			isa = XCBuildConfiguration;
			buildSettings = {
				ALWAYS_SEARCH_USER_PATHS = NO;
				ARCHS = "$(ARCHS_STANDARD)";
				CLANG_CXX_LANGUAGE_STANDARD = "gnu++0x";
				CLANG_CXX_LIBRARY = "libc++";
				CLANG_ENABLE_MODULES = YES;
				CLANG_ENABLE_OBJC_ARC = YES;
				CLANG_WARN_BOOL_CONVERSION = YES;
				CLANG_WARN_CONSTANT_CONVERSION = YES;
				CLANG_WARN_DIRECT_OBJC_ISA_USAGE = YES_ERROR;
				CLANG_WARN_EMPTY_BODY = YES;
				CLANG_WARN_ENUM_CONVERSION = YES;
				CLANG_WARN_INT_CONVERSION = YES;
				CLANG_WARN_OBJC_ROOT_CLASS = YES_ERROR;
				CLANG_WARN__DUPLICATE_METHOD_MATCH = YES;
				"CODE_SIGN_IDENTITY[sdk=iphoneos*]" = "iPhone Developer";
				COPY_PHASE_STRIP = YES;
				ENABLE_NS_ASSERTIONS = NO;
				GCC_C_LANGUAGE_STANDARD = gnu99;
				GCC_WARN_64_TO_32_BIT_CONVERSION = YES;
				GCC_WARN_ABOUT_RETURN_TYPE = YES_ERROR;
				GCC_WARN_UNDECLARED_SELECTOR = YES;
				GCC_WARN_UNINITIALIZED_AUTOS = YES;
				GCC_WARN_UNUSED_FUNCTION = YES;
				GCC_WARN_UNUSED_VARIABLE = YES;
				IPHONEOS_DEPLOYMENT_TARGET = 7.0;
				SDKROOT = iphoneos6.1;
				VALIDATE_PRODUCT = YES;
				VALID_ARCHS = "armv7 armv7s";
			};
			name = Release;
		};
		B56FAA4B182F6DE7009E974A /* Debug */ = {
			isa = XCBuildConfiguration;
			baseConfigurationReference = E047CE83864F49FAB18D2970 /* Pods.xcconfig */;
			buildSettings = {
				ARCHS = "$(ARCHS_STANDARD)";
				CODE_SIGN_IDENTITY = "iPhone Developer";
				"CODE_SIGN_IDENTITY[sdk=iphoneos*]" = "iPhone Developer";
				GCC_PRECOMPILE_PREFIX_HEADER = YES;
				GCC_PREFIX_HEADER = "TKD/TKD-Prefix.pch";
				INFOPLIST_FILE = "TKD/TKD-Info.plist";
				IPHONEOS_DEPLOYMENT_TARGET = 6.0;
				LIBRARY_SEARCH_PATHS = /Users/YoungShook/TKD;
				PRODUCT_NAME = "淘快递";
				PROVISIONING_PROFILE = "";
				SDKROOT = iphoneos6.1;
				VALID_ARCHS = "armv7 armv7s";
				WRAPPER_EXTENSION = app;
			};
			name = Debug;
		};
		B56FAA4C182F6DE7009E974A /* Release */ = {
			isa = XCBuildConfiguration;
			baseConfigurationReference = E047CE83864F49FAB18D2970 /* Pods.xcconfig */;
			buildSettings = {
				ARCHS = "$(ARCHS_STANDARD)";
				CODE_SIGN_IDENTITY = "iPhone Distribution: Beijing Qfpay Technology Company Limited";
				"CODE_SIGN_IDENTITY[sdk=iphoneos*]" = "iPhone Distribution: Beijing Qfpay Technology Company Limited";
				GCC_PRECOMPILE_PREFIX_HEADER = YES;
				GCC_PREFIX_HEADER = "TKD/TKD-Prefix.pch";
				INFOPLIST_FILE = "TKD/TKD-Info.plist";
				IPHONEOS_DEPLOYMENT_TARGET = 6.0;
				LIBRARY_SEARCH_PATHS = /Users/YoungShook/TKD;
				PRODUCT_NAME = "淘快递";
				PROVISIONING_PROFILE = "DC2040B1-F9E6-4708-BDF0-BC5480574649";
				SDKROOT = iphoneos6.1;
				VALID_ARCHS = "armv7 armv7s";
				WRAPPER_EXTENSION = app;
			};
			name = Release;
		};
/* End XCBuildConfiguration section */

/* Begin XCConfigurationList section */
		B56FAA19182F6DE6009E974A /* Build configuration list for PBXProject "TKD" */ = {
			isa = XCConfigurationList;
			buildConfigurations = (
				B56FAA48182F6DE7009E974A /* Debug */,
				B56FAA49182F6DE7009E974A /* Release */,
			);
			defaultConfigurationIsVisible = 0;
			defaultConfigurationName = Release;
		};
		B56FAA4A182F6DE7009E974A /* Build configuration list for PBXNativeTarget "TKD" */ = {
			isa = XCConfigurationList;
			buildConfigurations = (
				B56FAA4B182F6DE7009E974A /* Debug */,
				B56FAA4C182F6DE7009E974A /* Release */,
			);
			defaultConfigurationIsVisible = 0;
			defaultConfigurationName = Release;
		};
/* End XCConfigurationList section */
	};
	rootObject = B56FAA16182F6DE6009E974A /* Project object */;
}
